// !$*UTF8*$!
{
	archiveVersion = 1;
	classes = {
	};
	objectVersion = 46;
	objects = {

/* Begin PBXBuildFile section */
		670D0FBC19ED7FAD00A1F6B5 /* main.m in Sources */ = {isa = PBXBuildFile; fileRef = 670D0FBB19ED7FAD00A1F6B5 /* main.m */; };
		670D0FBF19ED7FAD00A1F6B5 /* AppDelegate.m in Sources */ = {isa = PBXBuildFile; fileRef = 670D0FBE19ED7FAD00A1F6B5 /* AppDelegate.m */; };
		670D0FC119ED7FAD00A1F6B5 /* Images.xcassets in Resources */ = {isa = PBXBuildFile; fileRef = 670D0FC019ED7FAD00A1F6B5 /* Images.xcassets */; };
		670D0FC419ED7FAE00A1F6B5 /* MainMenu.xib in Resources */ = {isa = PBXBuildFile; fileRef = 670D0FC219ED7FAE00A1F6B5 /* MainMenu.xib */; };
		670D0FD019ED7FAE00A1F6B5 /* teste01Tests.m in Sources */ = {isa = PBXBuildFile; fileRef = 670D0FCF19ED7FAE00A1F6B5 /* teste01Tests.m */; };
/* End PBXBuildFile section */

/* Begin PBXContainerItemProxy section */
		670D0FCA19ED7FAE00A1F6B5 /* PBXContainerItemProxy */ = {
			isa = PBXContainerItemProxy;
			containerPortal = 670D0FAE19ED7FAD00A1F6B5 /* Project object */;
			proxyType = 1;
			remoteGlobalIDString = 670D0FB519ED7FAD00A1F6B5;
			remoteInfo = teste01;
		};
/* End PBXContainerItemProxy section */

/* Begin PBXFileReference section */
		670D0FB619ED7FAD00A1F6B5 /* teste01.app */ = {isa = PBXFileReference; explicitFileType = wrapper.application; includeInIndex = 0; path = teste01.app; sourceTree = BUILT_PRODUCTS_DIR; };
		670D0FBA19ED7FAD00A1F6B5 /* Info.plist */ = {isa = PBXFileReference; lastKnownFileType = text.plist.xml; path = Info.plist; sourceTree = "<group>"; };
		670D0FBB19ED7FAD00A1F6B5 /* main.m */ = {isa = PBXFileReference; lastKnownFileType = sourcecode.c.objc; path = main.m; sourceTree = "<group>"; };
		670D0FBD19ED7FAD00A1F6B5 /* AppDelegate.h */ = {isa = PBXFileReference; lastKnownFileType = sourcecode.c.h; path = AppDelegate.h; sourceTree = "<group>"; };
		670D0FBE19ED7FAD00A1F6B5 /* AppDelegate.m */ = {isa = PBXFileReference; lastKnownFileType = sourcecode.c.objc; path = AppDelegate.m; sourceTree = "<group>"; };
		670D0FC019ED7FAD00A1F6B5 /* Images.xcassets */ = {isa = PBXFileReference; lastKnownFileType = folder.assetcatalog; path = Images.xcassets; sourceTree = "<group>"; };
		670D0FC319ED7FAE00A1F6B5 /* Base */ = {isa = PBXFileReference; lastKnownFileType = file.xib; name = Base; path = Base.lproj/MainMenu.xib; sourceTree = "<group>"; };
		670D0FC919ED7FAE00A1F6B5 /* teste01Tests.xctest */ = {isa = PBXFileReference; explicitFileType = wrapper.cfbundle; includeInIndex = 0; path = teste01Tests.xctest; sourceTree = BUILT_PRODUCTS_DIR; };
		670D0FCE19ED7FAE00A1F6B5 /* Info.plist */ = {isa = PBXFileReference; lastKnownFileType = text.plist.xml; path = Info.plist; sourceTree = "<group>"; };
		670D0FCF19ED7FAE00A1F6B5 /* teste01Tests.m */ = {isa = PBXFileReference; lastKnownFileType = sourcecode.c.objc; path = teste01Tests.m; sourceTree = "<group>"; };
/* End PBXFileReference section */

/* Begin PBXFrameworksBuildPhase section */
		670D0FB319ED7FAD00A1F6B5 /* Frameworks */ = {
			isa = PBXFrameworksBuildPhase;
			buildActionMask = 2147483647;
			files = (
			);
			runOnlyForDeploymentPostprocessing = 0;
		};
		670D0FC619ED7FAE00A1F6B5 /* Frameworks */ = {
			isa = PBXFrameworksBuildPhase;
			buildActionMask = 2147483647;
			files = (
			);
			runOnlyForDeploymentPostprocessing = 0;
		};
/* End PBXFrameworksBuildPhase section */

/* Begin PBXGroup section */
		670D0FAD19ED7FAD00A1F6B5 = {
			isa = PBXGroup;
			children = (
				670D0FB819ED7FAD00A1F6B5 /* teste01 */,
				670D0FCC19ED7FAE00A1F6B5 /* teste01Tests */,
				670D0FB719ED7FAD00A1F6B5 /* Products */,
			);
			sourceTree = "<group>";
		};
		670D0FB719ED7FAD00A1F6B5 /* Products */ = {
			isa = PBXGroup;
			children = (
				670D0FB619ED7FAD00A1F6B5 /* teste01.app */,
				670D0FC919ED7FAE00A1F6B5 /* teste01Tests.xctest */,
			);
			name = Products;
			sourceTree = "<group>";
		};
		670D0FB819ED7FAD00A1F6B5 /* teste01 */ = {
			isa = PBXGroup;
			children = (
				670D0FBD19ED7FAD00A1F6B5 /* AppDelegate.h */,
				670D0FBE19ED7FAD00A1F6B5 /* AppDelegate.m */,
				670D0FC019ED7FAD00A1F6B5 /* Images.xcassets */,
				670D0FC219ED7FAE00A1F6B5 /* MainMenu.xib */,
				670D0FB919ED7FAD00A1F6B5 /* Supporting Files */,
			);
			path = teste01;
			sourceTree = "<group>";
		};
		670D0FB919ED7FAD00A1F6B5 /* Supporting Files */ = {
			isa = PBXGroup;
			children = (
				670D0FBA19ED7FAD00A1F6B5 /* Info.plist */,
				670D0FBB19ED7FAD00A1F6B5 /* main.m */,
			);
			name = "Supporting Files";
			sourceTree = "<group>";
		};
		670D0FCC19ED7FAE00A1F6B5 /* teste01Tests */ = {
			isa = PBXGroup;
			children = (
				670D0FCF19ED7FAE00A1F6B5 /* teste01Tests.m */,
				670D0FCD19ED7FAE00A1F6B5 /* Supporting Files */,
			);
			path = teste01Tests;
			sourceTree = "<group>";
		};
		670D0FCD19ED7FAE00A1F6B5 /* Supporting Files */ = {
			isa = PBXGroup;
			children = (
				670D0FCE19ED7FAE00A1F6B5 /* Info.plist */,
			);
			name = "Supporting Files";
			sourceTree = "<group>";
		};
/* End PBXGroup section */

/* Begin PBXNativeTarget section */
		670D0FB519ED7FAD00A1F6B5 /* teste01 */ = {
			isa = PBXNativeTarget;
			buildConfigurationList = 670D0FD319ED7FAE00A1F6B5 /* Build configuration list for PBXNativeTarget "teste01" */;
			buildPhases = (
				670D0FB219ED7FAD00A1F6B5 /* Sources */,
				670D0FB319ED7FAD00A1F6B5 /* Frameworks */,
				670D0FB419ED7FAD00A1F6B5 /* Resources */,
			);
			buildRules = (
			);
			dependencies = (
			);
			name = teste01;
			productName = teste01;
			productReference = 670D0FB619ED7FAD00A1F6B5 /* teste01.app */;
			productType = "com.apple.product-type.application";
		};
		670D0FC819ED7FAE00A1F6B5 /* teste01Tests */ = {
			isa = PBXNativeTarget;
			buildConfigurationList = 670D0FD619ED7FAE00A1F6B5 /* Build configuration list for PBXNativeTarget "teste01Tests" */;
			buildPhases = (
				670D0FC519ED7FAE00A1F6B5 /* Sources */,
				670D0FC619ED7FAE00A1F6B5 /* Frameworks */,
				670D0FC719ED7FAE00A1F6B5 /* Resources */,
			);
			buildRules = (
			);
			dependencies = (
				670D0FCB19ED7FAE00A1F6B5 /* PBXTargetDependency */,
			);
			name = teste01Tests;
			productName = teste01Tests;
			productReference = 670D0FC919ED7FAE00A1F6B5 /* teste01Tests.xctest */;
			productType = "com.apple.product-type.bundle.unit-test";
		};
/* End PBXNativeTarget section */

/* Begin PBXProject section */
		670D0FAE19ED7FAD00A1F6B5 /* Project object */ = {
			isa = PBXProject;
			attributes = {
				LastUpgradeCheck = 0600;
				ORGANIZATIONNAME = "Roney Monte";
				TargetAttributes = {
					670D0FB519ED7FAD00A1F6B5 = {
						CreatedOnToolsVersion = 6.0.1;
					};
					670D0FC819ED7FAE00A1F6B5 = {
						CreatedOnToolsVersion = 6.0.1;
						TestTargetID = 670D0FB519ED7FAD00A1F6B5;
					};
				};
			};
			buildConfigurationList = 670D0FB119ED7FAD00A1F6B5 /* Build configuration list for PBXProject "teste01" */;
			compatibilityVersion = "Xcode 3.2";
			developmentRegion = English;
			hasScannedForEncodings = 0;
			knownRegions = (
				en,
				Base,
			);
			mainGroup = 670D0FAD19ED7FAD00A1F6B5;
			productRefGroup = 670D0FB719ED7FAD00A1F6B5 /* Products */;
			projectDirPath = "";
			projectRoot = "";
			targets = (
				670D0FB519ED7FAD00A1F6B5 /* teste01 */,
				670D0FC819ED7FAE00A1F6B5 /* teste01Tests */,
			);
		};
/* End PBXProject section */

/* Begin PBXResourcesBuildPhase section */
		670D0FB419ED7FAD00A1F6B5 /* Resources */ = {
			isa = PBXResourcesBuildPhase;
			buildActionMask = 2147483647;
			files = (
				670D0FC119ED7FAD00A1F6B5 /* Images.xcassets in Resources */,
				670D0FC419ED7FAE00A1F6B5 /* MainMenu.xib in Resources */,
			);
			runOnlyForDeploymentPostprocessing = 0;
		};
		670D0FC719ED7FAE00A1F6B5 /* Resources */ = {
			isa = PBXResourcesBuildPhase;
			buildActionMask = 2147483647;
			files = (
			);
			runOnlyForDeploymentPostprocessing = 0;
		};
/* End PBXResourcesBuildPhase section */

/* Begin PBXSourcesBuildPhase section */
		670D0FB219ED7FAD00A1F6B5 /* Sources */ = {
			isa = PBXSourcesBuildPhase;
			buildActionMask = 2147483647;
			files = (
				670D0FBF19ED7FAD00A1F6B5 /* AppDelegate.m in Sources */,
				670D0FBC19ED7FAD00A1F6B5 /* main.m in Sources */,
			);
			runOnlyForDeploymentPostprocessing = 0;
		};
		670D0FC519ED7FAE00A1F6B5 /* Sources */ = {
			isa = PBXSourcesBuildPhase;
			buildActionMask = 2147483647;
			files = (
				670D0FD019ED7FAE00A1F6B5 /* teste01Tests.m in Sources */,
			);
			runOnlyForDeploymentPostprocessing = 0;
		};
/* End PBXSourcesBuildPhase section */

/* Begin PBXTargetDependency section */
		670D0FCB19ED7FAE00A1F6B5 /* PBXTargetDependency */ = {
			isa = PBXTargetDependency;
			target = 670D0FB519ED7FAD00A1F6B5 /* teste01 */;
			targetProxy = 670D0FCA19ED7FAE00A1F6B5 /* PBXContainerItemProxy */;
		};
/* End PBXTargetDependency section */

/* Begin PBXVariantGroup section */
		670D0FC219ED7FAE00A1F6B5 /* MainMenu.xib */ = {
			isa = PBXVariantGroup;
			children = (
				670D0FC319ED7FAE00A1F6B5 /* Base */,
			);
			name = MainMenu.xib;
			sourceTree = "<group>";
		};
/* End PBXVariantGroup section */

/* Begin XCBuildConfiguration section */
		670D0FD119ED7FAE00A1F6B5 /* Debug */ = {
			isa = XCBuildConfiguration;
			buildSettings = {
				ALWAYS_SEARCH_USER_PATHS = NO;
				CLANG_CXX_LANGUAGE_STANDARD = "gnu++0x";
				CLANG_CXX_LIBRARY = "libc++";
				CLANG_ENABLE_MODULES = YES;
				CLANG_ENABLE_OBJC_ARC = YES;
				CLANG_WARN_BOOL_CONVERSION = YES;
				CLANG_WARN_CONSTANT_CONVERSION = YES;
				CLANG_WARN_DIRECT_OBJC_ISA_USAGE = YES_ERROR;
				CLANG_WARN_EMPTY_BODY = YES;
				CLANG_WARN_ENUM_CONVERSION = YES;
				CLANG_WARN_INT_CONVERSION = YES;
				CLANG_WARN_OBJC_ROOT_CLASS = YES_ERROR;
				CLANG_WARN_UNREACHABLE_CODE = YES;
				CLANG_WARN__DUPLICATE_METHOD_MATCH = YES;
				CODE_SIGN_IDENTITY = "-";
				COPY_PHASE_STRIP = NO;
				ENABLE_STRICT_OBJC_MSGSEND = YES;
				GCC_C_LANGUAGE_STANDARD = gnu99;
				GCC_DYNAMIC_NO_PIC = NO;
				GCC_OPTIMIZATION_LEVEL = 0;
				GCC_PREPROCESSOR_DEFINITIONS = (
					"DEBUG=1",
					"$(inherited)",
				);
				GCC_SYMBOLS_PRIVATE_EXTERN = NO;
				GCC_WARN_64_TO_32_BIT_CONVERSION = YES;
				GCC_WARN_ABOUT_RETURN_TYPE = YES_ERROR;
				GCC_WARN_UNDECLARED_SELECTOR = YES;
				GCC_WARN_UNINITIALIZED_AUTOS = YES_AGGRESSIVE;
				GCC_WARN_UNUSED_FUNCTION = YES;
				GCC_WARN_UNUSED_VARIABLE = YES;
				MACOSX_DEPLOYMENT_TARGET = 10.9;
				MTL_ENABLE_DEBUG_INFO = YES;
				ONLY_ACTIVE_ARCH = YES;
				SDKROOT = macosx;
			};
			name = Debug;
		};
		670D0FD219ED7FAE00A1F6B5 /* Release */ = {
			isa = XCBuildConfiguration;
			buildSettings = {
				ALWAYS_SEARCH_USER_PATHS = NO;
				CLANG_CXX_LANGUAGE_STANDARD = "gnu++0x";
				CLANG_CXX_LIBRARY = "libc++";
				CLANG_ENABLE_MODULES = YES;
				CLANG_ENABLE_OBJC_ARC = YES;
				CLANG_WARN_BOOL_CONVERSION = YES;
				CLANG_WARN_CONSTANT_CONVERSION = YES;
				CLANG_WARN_DIRECT_OBJC_ISA_USAGE = YES_ERROR;
				CLANG_WARN_EMPTY_BODY = YES;
				CLANG_WARN_ENUM_CONVERSION = YES;
				CLANG_WARN_INT_CONVERSION = YES;
				CLANG_WARN_OBJC_ROOT_CLASS = YES_ERROR;
				CLANG_WARN_UNREACHABLE_CODE = YES;
				CLANG_WARN__DUPLICATE_METHOD_MATCH = YES;
				CODE_SIGN_IDENTITY = "-";
				COPY_PHASE_STRIP = YES;
				DEBUG_INFORMATION_FORMAT = "dwarf-with-dsym";
				ENABLE_NS_ASSERTIONS = NO;
				ENABLE_STRICT_OBJC_MSGSEND = YES;
				GCC_C_LANGUAGE_STANDARD = gnu99;
				GCC_WARN_64_TO_32_BIT_CONVERSION = YES;
				GCC_WARN_ABOUT_RETURN_TYPE = YES_ERROR;
				GCC_WARN_UNDECLARED_SELECTOR = YES;
				GCC_WARN_UNINITIALIZED_AUTOS = YES_AGGRESSIVE;
				GCC_WARN_UNUSED_FUNCTION = YES;
				GCC_WARN_UNUSED_VARIABLE = YES;
				MACOSX_DEPLOYMENT_TARGET = 10.9;
				MTL_ENABLE_DEBUG_INFO = NO;
				SDKROOT = macosx;
			};
			name = Release;
		};
		670D0FD419ED7FAE00A1F6B5 /* Debug */ = {
			isa = XCBuildConfiguration;
			buildSettings = {
				ASSETCATALOG_COMPILER_APPICON_NAME = AppIcon;
				COMBINE_HIDPI_IMAGES = YES;
				INFOPLIST_FILE = teste01/Info.plist;
				LD_RUNPATH_SEARCH_PATHS = "$(inherited) @executable_path/../Frameworks";
				PRODUCT_NAME = "$(TARGET_NAME)";
			};
			name = Debug;
		};
		670D0FD519ED7FAE00A1F6B5 /* Release */ = {
			isa = XCBuildConfiguration;
			buildSettings = {
				ASSETCATALOG_COMPILER_APPICON_NAME = AppIcon;
				COMBINE_HIDPI_IMAGES = YES;
				INFOPLIST_FILE = teste01/Info.plist;
				LD_RUNPATH_SEARCH_PATHS = "$(inherited) @executable_path/../Frameworks";
				PRODUCT_NAME = "$(TARGET_NAME)";
			};
			name = Release;
		};
		670D0FD719ED7FAE00A1F6B5 /* Debug */ = {
			isa = XCBuildConfiguration;
			buildSettings = {
				BUNDLE_LOADER = "$(TEST_HOST)";
				COMBINE_HIDPI_IMAGES = YES;
				FRAMEWORK_SEARCH_PATHS = (
					"$(DEVELOPER_FRAMEWORKS_DIR)",
					"$(inherited)",
				);
				GCC_PREPROCESSOR_DEFINITIONS = (
					"DEBUG=1",
					"$(inherited)",
				);
				INFOPLIST_FILE = teste01Tests/Info.plist;
				LD_RUNPATH_SEARCH_PATHS = "$(inherited) @executable_path/../Frameworks @loader_path/../Frameworks";
				PRODUCT_NAME = "$(TARGET_NAME)";
				TEST_HOST = "$(BUILT_PRODUCTS_DIR)/teste01.app/Contents/MacOS/teste01";
			};
			name = Debug;
		};
		670D0FD819ED7FAE00A1F6B5 /* Release */ = {
			isa = XCBuildConfiguration;
			buildSettings = {
				BUNDLE_LOADER = "$(TEST_HOST)";
				COMBINE_HIDPI_IMAGES = YES;
				FRAMEWORK_SEARCH_PATHS = (
					"$(DEVELOPER_FRAMEWORKS_DIR)",
					"$(inherited)",
				);
				INFOPLIST_FILE = teste01Tests/Info.plist;
				LD_RUNPATH_SEARCH_PATHS = "$(inherited) @executable_path/../Frameworks @loader_path/../Frameworks";
				PRODUCT_NAME = "$(TARGET_NAME)";
				TEST_HOST = "$(BUILT_PRODUCTS_DIR)/teste01.app/Contents/MacOS/teste01";
			};
			name = Release;
		};
/* End XCBuildConfiguration section */

/* Begin XCConfigurationList section */
		670D0FB119ED7FAD00A1F6B5 /* Build configuration list for PBXProject "teste01" */ = {
			isa = XCConfigurationList;
			buildConfigurations = (
				670D0FD119ED7FAE00A1F6B5 /* Debug */,
				670D0FD219ED7FAE00A1F6B5 /* Release */,
			);
			defaultConfigurationIsVisible = 0;
			defaultConfigurationName = Release;
		};
		670D0FD319ED7FAE00A1F6B5 /* Build configuration list for PBXNativeTarget "teste01" */ = {
			isa = XCConfigurationList;
			buildConfigurations = (
				670D0FD419ED7FAE00A1F6B5 /* Debug */,
				670D0FD519ED7FAE00A1F6B5 /* Release */,
			);
			defaultConfigurationIsVisible = 0;
		};
		670D0FD619ED7FAE00A1F6B5 /* Build configuration list for PBXNativeTarget "teste01Tests" */ = {
			isa = XCConfigurationList;
			buildConfigurations = (
				670D0FD719ED7FAE00A1F6B5 /* Debug */,
				670D0FD819ED7FAE00A1F6B5 /* Release */,
			);
			defaultConfigurationIsVisible = 0;
		};
/* End XCConfigurationList section */
	};
	rootObject = 670D0FAE19ED7FAD00A1F6B5 /* Project object */;
}
